// !$*UTF8*$!
{
	archiveVersion = 1;
	classes = {
	};
	objectVersion = 50;
	objects = {

/* Begin PBXBuildFile section */
		1F53BA9F2294274200B5288B /* WeatherFormat.swift in Sources */ = {isa = PBXBuildFile; fileRef = 1F53BA9E2294274200B5288B /* WeatherFormat.swift */; };
		1F87124222A7118300B28E0A /* icon.png in Resources */ = {isa = PBXBuildFile; fileRef = 1F87124122A7118300B28E0A /* icon.png */; };
		1F89FF9E2296E0AB006A3FE5 /* CustomCell.swift in Sources */ = {isa = PBXBuildFile; fileRef = 1F89FF9D2296E0AB006A3FE5 /* CustomCell.swift */; };
		1F96FDDD228EE80E00A799B4 /* GetBelgorodWeather.swift in Sources */ = {isa = PBXBuildFile; fileRef = 1F96FDDC228EE80E00A799B4 /* GetBelgorodWeather.swift */; };
		1FD36149229943AA00F68151 /* updateButton.png in Resources */ = {isa = PBXBuildFile; fileRef = 1FD36148229943AA00F68151 /* updateButton.png */; };
		1FD3615C229944A300F68151 /* 50d.jpg in Resources */ = {isa = PBXBuildFile; fileRef = 1FD3614A229944A200F68151 /* 50d.jpg */; };
		1FD3615D229944A300F68151 /* 10n.jpg in Resources */ = {isa = PBXBuildFile; fileRef = 1FD3614B229944A200F68151 /* 10n.jpg */; };
		1FD3615E229944A300F68151 /* 11d.jpg in Resources */ = {isa = PBXBuildFile; fileRef = 1FD3614C229944A200F68151 /* 11d.jpg */; };
		1FD3615F229944A300F68151 /* 01n.jpg in Resources */ = {isa = PBXBuildFile; fileRef = 1FD3614D229944A200F68151 /* 01n.jpg */; };
		1FD36160229944A300F68151 /* 04d.jpg in Resources */ = {isa = PBXBuildFile; fileRef = 1FD3614E229944A200F68151 /* 04d.jpg */; };
		1FD36161229944A300F68151 /* 09d.jpg in Resources */ = {isa = PBXBuildFile; fileRef = 1FD3614F229944A200F68151 /* 09d.jpg */; };
		1FD36162229944A300F68151 /* 02d.jpg in Resources */ = {isa = PBXBuildFile; fileRef = 1FD36150229944A300F68151 /* 02d.jpg */; };
		1FD36163229944A300F68151 /* 03d.jpg in Resources */ = {isa = PBXBuildFile; fileRef = 1FD36151229944A300F68151 /* 03d.jpg */; };
		1FD36164229944A300F68151 /* 09n.jpg in Resources */ = {isa = PBXBuildFile; fileRef = 1FD36152229944A300F68151 /* 09n.jpg */; };
		1FD36165229944A300F68151 /* 10d.jpg in Resources */ = {isa = PBXBuildFile; fileRef = 1FD36153229944A300F68151 /* 10d.jpg */; };
		1FD36166229944A300F68151 /* 03n.jpg in Resources */ = {isa = PBXBuildFile; fileRef = 1FD36154229944A300F68151 /* 03n.jpg */; };
		1FD36167229944A300F68151 /* 04n.jpg in Resources */ = {isa = PBXBuildFile; fileRef = 1FD36155229944A300F68151 /* 04n.jpg */; };
		1FD36168229944A300F68151 /* 02n.jpg in Resources */ = {isa = PBXBuildFile; fileRef = 1FD36156229944A300F68151 /* 02n.jpg */; };
		1FD36169229944A300F68151 /* 13d.jpg in Resources */ = {isa = PBXBuildFile; fileRef = 1FD36157229944A300F68151 /* 13d.jpg */; };
		1FD3616A229944A300F68151 /* 50n.jpg in Resources */ = {isa = PBXBuildFile; fileRef = 1FD36158229944A300F68151 /* 50n.jpg */; };
		1FD3616B229944A300F68151 /* 11n.jpg in Resources */ = {isa = PBXBuildFile; fileRef = 1FD36159229944A300F68151 /* 11n.jpg */; };
		1FD3616C229944A300F68151 /* 01d.jpg in Resources */ = {isa = PBXBuildFile; fileRef = 1FD3615A229944A300F68151 /* 01d.jpg */; };
		1FD3616D229944A300F68151 /* 13n.jpg in Resources */ = {isa = PBXBuildFile; fileRef = 1FD3615B229944A300F68151 /* 13n.jpg */; };
		1FE56CB1228DA76300BF2624 /* AppDelegate.swift in Sources */ = {isa = PBXBuildFile; fileRef = 1FE56CB0228DA76300BF2624 /* AppDelegate.swift */; };
		1FE56CB3228DA76300BF2624 /* ViewController.swift in Sources */ = {isa = PBXBuildFile; fileRef = 1FE56CB2228DA76300BF2624 /* ViewController.swift */; };
		1FE56CB6228DA76300BF2624 /* Main.storyboard in Resources */ = {isa = PBXBuildFile; fileRef = 1FE56CB4228DA76300BF2624 /* Main.storyboard */; };
		1FE56CB8228DA76500BF2624 /* Assets.xcassets in Resources */ = {isa = PBXBuildFile; fileRef = 1FE56CB7228DA76500BF2624 /* Assets.xcassets */; };
		1FE56CBB228DA76500BF2624 /* LaunchScreen.storyboard in Resources */ = {isa = PBXBuildFile; fileRef = 1FE56CB9228DA76500BF2624 /* LaunchScreen.storyboard */; };
		1FE56CC9228DAB1700BF2624 /* Pods_WeatherApp.framework in Frameworks */ = {isa = PBXBuildFile; fileRef = 1FE56CC8228DAB1700BF2624 /* Pods_WeatherApp.framework */; };
/* End PBXBuildFile section */

/* Begin PBXFileReference section */
		017863550B38F7166BDEE63B /* Pods-WeatherApp.release.xcconfig */ = {isa = PBXFileReference; includeInIndex = 1; lastKnownFileType = text.xcconfig; name = "Pods-WeatherApp.release.xcconfig"; path = "Target Support Files/Pods-WeatherApp/Pods-WeatherApp.release.xcconfig"; sourceTree = "<group>"; };
		1F53BA9E2294274200B5288B /* WeatherFormat.swift */ = {isa = PBXFileReference; lastKnownFileType = sourcecode.swift; path = WeatherFormat.swift; sourceTree = "<group>"; };
		1F87124122A7118300B28E0A /* icon.png */ = {isa = PBXFileReference; lastKnownFileType = image.png; path = icon.png; sourceTree = "<group>"; };
		1F89FF9D2296E0AB006A3FE5 /* CustomCell.swift */ = {isa = PBXFileReference; lastKnownFileType = sourcecode.swift; path = CustomCell.swift; sourceTree = "<group>"; };
		1F96FDDC228EE80E00A799B4 /* GetBelgorodWeather.swift */ = {isa = PBXFileReference; lastKnownFileType = sourcecode.swift; path = GetBelgorodWeather.swift; sourceTree = "<group>"; };
		1FD36148229943AA00F68151 /* updateButton.png */ = {isa = PBXFileReference; lastKnownFileType = image.png; name = updateButton.png; path = "../../../../Desktop/background image/updateButton.png"; sourceTree = "<group>"; };
		1FD3614A229944A200F68151 /* 50d.jpg */ = {isa = PBXFileReference; lastKnownFileType = image.jpeg; name = 50d.jpg; path = "../../../../../Desktop/background image/Blur/50d.jpg"; sourceTree = "<group>"; };
		1FD3614B229944A200F68151 /* 10n.jpg */ = {isa = PBXFileReference; lastKnownFileType = image.jpeg; name = 10n.jpg; path = "../../../../../Desktop/background image/Blur/10n.jpg"; sourceTree = "<group>"; };
		1FD3614C229944A200F68151 /* 11d.jpg */ = {isa = PBXFileReference; lastKnownFileType = image.jpeg; name = 11d.jpg; path = "../../../../../Desktop/background image/Blur/11d.jpg"; sourceTree = "<group>"; };
		1FD3614D229944A200F68151 /* 01n.jpg */ = {isa = PBXFileReference; lastKnownFileType = image.jpeg; name = 01n.jpg; path = "../../../../../Desktop/background image/Blur/01n.jpg"; sourceTree = "<group>"; };
		1FD3614E229944A200F68151 /* 04d.jpg */ = {isa = PBXFileReference; lastKnownFileType = image.jpeg; name = 04d.jpg; path = "../../../../../Desktop/background image/Blur/04d.jpg"; sourceTree = "<group>"; };
		1FD3614F229944A200F68151 /* 09d.jpg */ = {isa = PBXFileReference; lastKnownFileType = image.jpeg; name = 09d.jpg; path = "../../../../../Desktop/background image/Blur/09d.jpg"; sourceTree = "<group>"; };
		1FD36150229944A300F68151 /* 02d.jpg */ = {isa = PBXFileReference; lastKnownFileType = image.jpeg; name = 02d.jpg; path = "../../../../../Desktop/background image/Blur/02d.jpg"; sourceTree = "<group>"; };
		1FD36151229944A300F68151 /* 03d.jpg */ = {isa = PBXFileReference; lastKnownFileType = image.jpeg; name = 03d.jpg; path = "../../../../../Desktop/background image/Blur/03d.jpg"; sourceTree = "<group>"; };
		1FD36152229944A300F68151 /* 09n.jpg */ = {isa = PBXFileReference; lastKnownFileType = image.jpeg; name = 09n.jpg; path = "../../../../../Desktop/background image/Blur/09n.jpg"; sourceTree = "<group>"; };
		1FD36153229944A300F68151 /* 10d.jpg */ = {isa = PBXFileReference; lastKnownFileType = image.jpeg; name = 10d.jpg; path = "../../../../../Desktop/background image/Blur/10d.jpg"; sourceTree = "<group>"; };
		1FD36154229944A300F68151 /* 03n.jpg */ = {isa = PBXFileReference; lastKnownFileType = image.jpeg; name = 03n.jpg; path = "../../../../../Desktop/background image/Blur/03n.jpg"; sourceTree = "<group>"; };
		1FD36155229944A300F68151 /* 04n.jpg */ = {isa = PBXFileReference; lastKnownFileType = image.jpeg; name = 04n.jpg; path = "../../../../../Desktop/background image/Blur/04n.jpg"; sourceTree = "<group>"; };
		1FD36156229944A300F68151 /* 02n.jpg */ = {isa = PBXFileReference; lastKnownFileType = image.jpeg; name = 02n.jpg; path = "../../../../../Desktop/background image/Blur/02n.jpg"; sourceTree = "<group>"; };
		1FD36157229944A300F68151 /* 13d.jpg */ = {isa = PBXFileReference; lastKnownFileType = image.jpeg; name = 13d.jpg; path = "../../../../../Desktop/background image/Blur/13d.jpg"; sourceTree = "<group>"; };
		1FD36158229944A300F68151 /* 50n.jpg */ = {isa = PBXFileReference; lastKnownFileType = image.jpeg; name = 50n.jpg; path = "../../../../../Desktop/background image/Blur/50n.jpg"; sourceTree = "<group>"; };
		1FD36159229944A300F68151 /* 11n.jpg */ = {isa = PBXFileReference; lastKnownFileType = image.jpeg; name = 11n.jpg; path = "../../../../../Desktop/background image/Blur/11n.jpg"; sourceTree = "<group>"; };
		1FD3615A229944A300F68151 /* 01d.jpg */ = {isa = PBXFileReference; lastKnownFileType = image.jpeg; name = 01d.jpg; path = "../../../../../Desktop/background image/Blur/01d.jpg"; sourceTree = "<group>"; };
		1FD3615B229944A300F68151 /* 13n.jpg */ = {isa = PBXFileReference; lastKnownFileType = image.jpeg; name = 13n.jpg; path = "../../../../../Desktop/background image/Blur/13n.jpg"; sourceTree = "<group>"; };
		1FE56CAD228DA76300BF2624 /* WeatherApp.app */ = {isa = PBXFileReference; explicitFileType = wrapper.application; includeInIndex = 0; path = WeatherApp.app; sourceTree = BUILT_PRODUCTS_DIR; };
		1FE56CB0228DA76300BF2624 /* AppDelegate.swift */ = {isa = PBXFileReference; lastKnownFileType = sourcecode.swift; path = AppDelegate.swift; sourceTree = "<group>"; };
		1FE56CB2228DA76300BF2624 /* ViewController.swift */ = {isa = PBXFileReference; lastKnownFileType = sourcecode.swift; path = ViewController.swift; sourceTree = "<group>"; };
		1FE56CB5228DA76300BF2624 /* Base */ = {isa = PBXFileReference; lastKnownFileType = file.storyboard; name = Base; path = Base.lproj/Main.storyboard; sourceTree = "<group>"; };
		1FE56CB7228DA76500BF2624 /* Assets.xcassets */ = {isa = PBXFileReference; lastKnownFileType = folder.assetcatalog; path = Assets.xcassets; sourceTree = "<group>"; };
		1FE56CBA228DA76500BF2624 /* Base */ = {isa = PBXFileReference; lastKnownFileType = file.storyboard; name = Base; path = Base.lproj/LaunchScreen.storyboard; sourceTree = "<group>"; };
		1FE56CBC228DA76500BF2624 /* Info.plist */ = {isa = PBXFileReference; lastKnownFileType = text.plist.xml; path = Info.plist; sourceTree = "<group>"; };
		1FE56CC2228DA90500BF2624 /* Alamofire.framework */ = {isa = PBXFileReference; explicitFileType = wrapper.framework; path = Alamofire.framework; sourceTree = BUILT_PRODUCTS_DIR; };
		1FE56CC4228DA90500BF2624 /* SwiftyJSON.framework */ = {isa = PBXFileReference; explicitFileType = wrapper.framework; path = SwiftyJSON.framework; sourceTree = BUILT_PRODUCTS_DIR; };
		1FE56CC8228DAB1700BF2624 /* Pods_WeatherApp.framework */ = {isa = PBXFileReference; explicitFileType = wrapper.framework; path = Pods_WeatherApp.framework; sourceTree = BUILT_PRODUCTS_DIR; };
		35638B76B42E1BE6D5AE1D4A /* Pods-WeatherApp.debug.xcconfig */ = {isa = PBXFileReference; includeInIndex = 1; lastKnownFileType = text.xcconfig; name = "Pods-WeatherApp.debug.xcconfig"; path = "Target Support Files/Pods-WeatherApp/Pods-WeatherApp.debug.xcconfig"; sourceTree = "<group>"; };
		44646BFD1ED30CEC934FA47D /* Pods_WeatherApp.framework */ = {isa = PBXFileReference; explicitFileType = wrapper.framework; includeInIndex = 0; path = Pods_WeatherApp.framework; sourceTree = BUILT_PRODUCTS_DIR; };
/* End PBXFileReference section */

/* Begin PBXFrameworksBuildPhase section */
		1FE56CAA228DA76300BF2624 /* Frameworks */ = {
			isa = PBXFrameworksBuildPhase;
			buildActionMask = 2147483647;
			files = (
				1FE56CC9228DAB1700BF2624 /* Pods_WeatherApp.framework in Frameworks */,
			);
			runOnlyForDeploymentPostprocessing = 0;
		};
/* End PBXFrameworksBuildPhase section */

/* Begin PBXGroup section */
		1F539488229859DA00C3C1EB /* backgroundImage */ = {
			isa = PBXGroup;
			children = (
				1FD3615A229944A300F68151 /* 01d.jpg */,
				1FD3614D229944A200F68151 /* 01n.jpg */,
				1FD36150229944A300F68151 /* 02d.jpg */,
				1FD36156229944A300F68151 /* 02n.jpg */,
				1FD36151229944A300F68151 /* 03d.jpg */,
				1FD36154229944A300F68151 /* 03n.jpg */,
				1FD3614E229944A200F68151 /* 04d.jpg */,
				1FD36155229944A300F68151 /* 04n.jpg */,
				1FD3614F229944A200F68151 /* 09d.jpg */,
				1FD36152229944A300F68151 /* 09n.jpg */,
				1FD36153229944A300F68151 /* 10d.jpg */,
				1FD3614B229944A200F68151 /* 10n.jpg */,
				1FD3614C229944A200F68151 /* 11d.jpg */,
				1FD36159229944A300F68151 /* 11n.jpg */,
				1FD36157229944A300F68151 /* 13d.jpg */,
				1FD3615B229944A300F68151 /* 13n.jpg */,
				1FD3614A229944A200F68151 /* 50d.jpg */,
				1FD36158229944A300F68151 /* 50n.jpg */,
			);
			path = backgroundImage;
			sourceTree = "<group>";
		};
		1FD361472299439C00F68151 /* image */ = {
			isa = PBXGroup;
			children = (
				1F87124122A7118300B28E0A /* icon.png */,
				1FD36148229943AA00F68151 /* updateButton.png */,
				1F539488229859DA00C3C1EB /* backgroundImage */,
			);
			path = image;
			sourceTree = "<group>";
		};
		1FE56CA4228DA76300BF2624 = {
			isa = PBXGroup;
			children = (
				1FD361472299439C00F68151 /* image */,
				1FE56CAF228DA76300BF2624 /* WeatherApp */,
				1FE56CAE228DA76300BF2624 /* Products */,
				50355A28D8289F4CC03E2E59 /* Pods */,
				D45906E3B5C3E238998F8C56 /* Frameworks */,
			);
			sourceTree = "<group>";
		};
		1FE56CAE228DA76300BF2624 /* Products */ = {
			isa = PBXGroup;
			children = (
				1FE56CAD228DA76300BF2624 /* WeatherApp.app */,
			);
			name = Products;
			sourceTree = "<group>";
		};
		1FE56CAF228DA76300BF2624 /* WeatherApp */ = {
			isa = PBXGroup;
			children = (
				1FE56CB0228DA76300BF2624 /* AppDelegate.swift */,
				1FE56CB2228DA76300BF2624 /* ViewController.swift */,
				1FE56CB4228DA76300BF2624 /* Main.storyboard */,
				1FE56CB7228DA76500BF2624 /* Assets.xcassets */,
				1FE56CB9228DA76500BF2624 /* LaunchScreen.storyboard */,
				1FE56CBC228DA76500BF2624 /* Info.plist */,
				1F96FDDC228EE80E00A799B4 /* GetBelgorodWeather.swift */,
				1F53BA9E2294274200B5288B /* WeatherFormat.swift */,
				1F89FF9D2296E0AB006A3FE5 /* CustomCell.swift */,
			);
			path = WeatherApp;
			sourceTree = "<group>";
		};
		50355A28D8289F4CC03E2E59 /* Pods */ = {
			isa = PBXGroup;
			children = (
				35638B76B42E1BE6D5AE1D4A /* Pods-WeatherApp.debug.xcconfig */,
				017863550B38F7166BDEE63B /* Pods-WeatherApp.release.xcconfig */,
			);
			path = Pods;
			sourceTree = "<group>";
		};
		D45906E3B5C3E238998F8C56 /* Frameworks */ = {
			isa = PBXGroup;
			children = (
				1FE56CC8228DAB1700BF2624 /* Pods_WeatherApp.framework */,
				1FE56CC2228DA90500BF2624 /* Alamofire.framework */,
				1FE56CC4228DA90500BF2624 /* SwiftyJSON.framework */,
				44646BFD1ED30CEC934FA47D /* Pods_WeatherApp.framework */,
			);
			name = Frameworks;
			sourceTree = "<group>";
		};
/* End PBXGroup section */

/* Begin PBXNativeTarget section */
		1FE56CAC228DA76300BF2624 /* WeatherApp */ = {
			isa = PBXNativeTarget;
			buildConfigurationList = 1FE56CBF228DA76500BF2624 /* Build configuration list for PBXNativeTarget "WeatherApp" */;
			buildPhases = (
				74F406FA3C9BC7CC4773D8F7 /* [CP] Check Pods Manifest.lock */,
				1FE56CA9228DA76300BF2624 /* Sources */,
				1FE56CAA228DA76300BF2624 /* Frameworks */,
				1FE56CAB228DA76300BF2624 /* Resources */,
				0CF1226A00D990E83CEE4A5E /* [CP] Embed Pods Frameworks */,
			);
			buildRules = (
			);
			dependencies = (
			);
			name = WeatherApp;
			productName = WeatherApp;
			productReference = 1FE56CAD228DA76300BF2624 /* WeatherApp.app */;
			productType = "com.apple.product-type.application";
		};
/* End PBXNativeTarget section */

/* Begin PBXProject section */
		1FE56CA5228DA76300BF2624 /* Project object */ = {
			isa = PBXProject;
			attributes = {
				LastSwiftUpdateCheck = 1010;
				LastUpgradeCheck = 1010;
				ORGANIZATIONNAME = Alexandr;
				TargetAttributes = {
					1FE56CAC228DA76300BF2624 = {
						CreatedOnToolsVersion = 10.1;
						LastSwiftMigration = 1020;
					};
				};
			};
			buildConfigurationList = 1FE56CA8228DA76300BF2624 /* Build configuration list for PBXProject "WeatherApp" */;
			compatibilityVersion = "Xcode 9.3";
			developmentRegion = en;
			hasScannedForEncodings = 0;
			knownRegions = (
				en,
				Base,
			);
			mainGroup = 1FE56CA4228DA76300BF2624;
			productRefGroup = 1FE56CAE228DA76300BF2624 /* Products */;
			projectDirPath = "";
			projectRoot = "";
			targets = (
				1FE56CAC228DA76300BF2624 /* WeatherApp */,
			);
		};
/* End PBXProject section */

/* Begin PBXResourcesBuildPhase section */
		1FE56CAB228DA76300BF2624 /* Resources */ = {
			isa = PBXResourcesBuildPhase;
			buildActionMask = 2147483647;
			files = (
				1FD36160229944A300F68151 /* 04d.jpg in Resources */,
				1FE56CBB228DA76500BF2624 /* LaunchScreen.storyboard in Resources */,
				1FD3616B229944A300F68151 /* 11n.jpg in Resources */,
				1FD3616C229944A300F68151 /* 01d.jpg in Resources */,
				1FE56CB8228DA76500BF2624 /* Assets.xcassets in Resources */,
				1FD36164229944A300F68151 /* 09n.jpg in Resources */,
				1FE56CB6228DA76300BF2624 /* Main.storyboard in Resources */,
				1FD3615D229944A300F68151 /* 10n.jpg in Resources */,
				1F87124222A7118300B28E0A /* icon.png in Resources */,
				1FD36169229944A300F68151 /* 13d.jpg in Resources */,
				1FD36161229944A300F68151 /* 09d.jpg in Resources */,
				1FD3615C229944A300F68151 /* 50d.jpg in Resources */,
				1FD36167229944A300F68151 /* 04n.jpg in Resources */,
				1FD3616D229944A300F68151 /* 13n.jpg in Resources */,
				1FD36162229944A300F68151 /* 02d.jpg in Resources */,
				1FD3615F229944A300F68151 /* 01n.jpg in Resources */,
				1FD36163229944A300F68151 /* 03d.jpg in Resources */,
				1FD36165229944A300F68151 /* 10d.jpg in Resources */,
				1FD3616A229944A300F68151 /* 50n.jpg in Resources */,
				1FD36166229944A300F68151 /* 03n.jpg in Resources */,
				1FD36149229943AA00F68151 /* updateButton.png in Resources */,
				1FD36168229944A300F68151 /* 02n.jpg in Resources */,
				1FD3615E229944A300F68151 /* 11d.jpg in Resources */,
			);
			runOnlyForDeploymentPostprocessing = 0;
		};
/* End PBXResourcesBuildPhase section */

/* Begin PBXShellScriptBuildPhase section */
		0CF1226A00D990E83CEE4A5E /* [CP] Embed Pods Frameworks */ = {
			isa = PBXShellScriptBuildPhase;
			buildActionMask = 2147483647;
			files = (
			);
			inputFileListPaths = (
			);
			inputPaths = (
				"${PODS_ROOT}/Target Support Files/Pods-WeatherApp/Pods-WeatherApp-frameworks.sh",
				"${BUILT_PRODUCTS_DIR}/Alamofire/Alamofire.framework",
				"${BUILT_PRODUCTS_DIR}/SwiftyJSON/SwiftyJSON.framework",
			);
			name = "[CP] Embed Pods Frameworks";
			outputFileListPaths = (
			);
			outputPaths = (
				"${TARGET_BUILD_DIR}/${FRAMEWORKS_FOLDER_PATH}/Alamofire.framework",
				"${TARGET_BUILD_DIR}/${FRAMEWORKS_FOLDER_PATH}/SwiftyJSON.framework",
			);
			runOnlyForDeploymentPostprocessing = 0;
			shellPath = /bin/sh;
			shellScript = "\"${PODS_ROOT}/Target Support Files/Pods-WeatherApp/Pods-WeatherApp-frameworks.sh\"\n";
			showEnvVarsInLog = 0;
		};
		74F406FA3C9BC7CC4773D8F7 /* [CP] Check Pods Manifest.lock */ = {
			isa = PBXShellScriptBuildPhase;
			buildActionMask = 2147483647;
			files = (
			);
			inputFileListPaths = (
			);
			inputPaths = (
				"${PODS_PODFILE_DIR_PATH}/Podfile.lock",
				"${PODS_ROOT}/Manifest.lock",
			);
			name = "[CP] Check Pods Manifest.lock";
			outputFileListPaths = (
			);
			outputPaths = (
				"$(DERIVED_FILE_DIR)/Pods-WeatherApp-checkManifestLockResult.txt",
			);
			runOnlyForDeploymentPostprocessing = 0;
			shellPath = /bin/sh;
			shellScript = "diff \"${PODS_PODFILE_DIR_PATH}/Podfile.lock\" \"${PODS_ROOT}/Manifest.lock\" > /dev/null\nif [ $? != 0 ] ; then\n    # print error to STDERR\n    echo \"error: The sandbox is not in sync with the Podfile.lock. Run 'pod install' or update your CocoaPods installation.\" >&2\n    exit 1\nfi\n# This output is used by Xcode 'outputs' to avoid re-running this script phase.\necho \"SUCCESS\" > \"${SCRIPT_OUTPUT_FILE_0}\"\n";
			showEnvVarsInLog = 0;
		};
/* End PBXShellScriptBuildPhase section */

/* Begin PBXSourcesBuildPhase section */
		1FE56CA9228DA76300BF2624 /* Sources */ = {
			isa = PBXSourcesBuildPhase;
			buildActionMask = 2147483647;
			files = (
				1FE56CB3228DA76300BF2624 /* ViewController.swift in Sources */,
				1F96FDDD228EE80E00A799B4 /* GetBelgorodWeather.swift in Sources */,
				1F89FF9E2296E0AB006A3FE5 /* CustomCell.swift in Sources */,
				1FE56CB1228DA76300BF2624 /* AppDelegate.swift in Sources */,
				1F53BA9F2294274200B5288B /* WeatherFormat.swift in Sources */,
			);
			runOnlyForDeploymentPostprocessing = 0;
		};
/* End PBXSourcesBuildPhase section */

/* Begin PBXVariantGroup section */
		1FE56CB4228DA76300BF2624 /* Main.storyboard */ = {
			isa = PBXVariantGroup;
			children = (
				1FE56CB5228DA76300BF2624 /* Base */,
			);
			name = Main.storyboard;
			sourceTree = "<group>";
		};
		1FE56CB9228DA76500BF2624 /* LaunchScreen.storyboard */ = {
			isa = PBXVariantGroup;
			children = (
				1FE56CBA228DA76500BF2624 /* Base */,
			);
			name = LaunchScreen.storyboard;
			sourceTree = "<group>";
		};
/* End PBXVariantGroup section */

/* Begin XCBuildConfiguration section */
		1FE56CBD228DA76500BF2624 /* Debug */ = {
			isa = XCBuildConfiguration;
			buildSettings = {
				ALWAYS_SEARCH_USER_PATHS = NO;
				CLANG_ANALYZER_NONNULL = YES;
				CLANG_ANALYZER_NUMBER_OBJECT_CONVERSION = YES_AGGRESSIVE;
				CLANG_CXX_LANGUAGE_STANDARD = "gnu++14";
				CLANG_CXX_LIBRARY = "libc++";
				CLANG_ENABLE_MODULES = YES;
				CLANG_ENABLE_OBJC_ARC = YES;
				CLANG_ENABLE_OBJC_WEAK = YES;
				CLANG_WARN_BLOCK_CAPTURE_AUTORELEASING = YES;
				CLANG_WARN_BOOL_CONVERSION = YES;
				CLANG_WARN_COMMA = YES;
				CLANG_WARN_CONSTANT_CONVERSION = YES;
				CLANG_WARN_DEPRECATED_OBJC_IMPLEMENTATIONS = YES;
				CLANG_WARN_DIRECT_OBJC_ISA_USAGE = YES_ERROR;
				CLANG_WARN_DOCUMENTATION_COMMENTS = YES;
				CLANG_WARN_EMPTY_BODY = YES;
				CLANG_WARN_ENUM_CONVERSION = YES;
				CLANG_WARN_INFINITE_RECURSION = YES;
				CLANG_WARN_INT_CONVERSION = YES;
				CLANG_WARN_NON_LITERAL_NULL_CONVERSION = YES;
				CLANG_WARN_OBJC_IMPLICIT_RETAIN_SELF = YES;
				CLANG_WARN_OBJC_LITERAL_CONVERSION = YES;
				CLANG_WARN_OBJC_ROOT_CLASS = YES_ERROR;
				CLANG_WARN_RANGE_LOOP_ANALYSIS = YES;
				CLANG_WARN_STRICT_PROTOTYPES = YES;
				CLANG_WARN_SUSPICIOUS_MOVE = YES;
				CLANG_WARN_UNGUARDED_AVAILABILITY = YES_AGGRESSIVE;
				CLANG_WARN_UNREACHABLE_CODE = YES;
				CLANG_WARN__DUPLICATE_METHOD_MATCH = YES;
				CODE_SIGN_IDENTITY = "iPhone Developer";
				COPY_PHASE_STRIP = NO;
				DEBUG_INFORMATION_FORMAT = dwarf;
				ENABLE_STRICT_OBJC_MSGSEND = YES;
				ENABLE_TESTABILITY = YES;
				GCC_C_LANGUAGE_STANDARD = gnu11;
				GCC_DYNAMIC_NO_PIC = NO;
				GCC_NO_COMMON_BLOCKS = YES;
				GCC_OPTIMIZATION_LEVEL = 0;
				GCC_PREPROCESSOR_DEFINITIONS = (
					"DEBUG=1",
					"$(inherited)",
				);
				GCC_WARN_64_TO_32_BIT_CONVERSION = YES;
				GCC_WARN_ABOUT_RETURN_TYPE = YES_ERROR;
				GCC_WARN_UNDECLARED_SELECTOR = YES;
				GCC_WARN_UNINITIALIZED_AUTOS = YES_AGGRESSIVE;
				GCC_WARN_UNUSED_FUNCTION = YES;
				GCC_WARN_UNUSED_VARIABLE = YES;
				IPHONEOS_DEPLOYMENT_TARGET = 12.1;
				MTL_ENABLE_DEBUG_INFO = INCLUDE_SOURCE;
				MTL_FAST_MATH = YES;
				ONLY_ACTIVE_ARCH = YES;
				SDKROOT = iphoneos;
				SWIFT_ACTIVE_COMPILATION_CONDITIONS = DEBUG;
				SWIFT_OPTIMIZATION_LEVEL = "-Onone";
			};
			name = Debug;
		};
		1FE56CBE228DA76500BF2624 /* Release */ = {
			isa = XCBuildConfiguration;
			buildSettings = {
				ALWAYS_SEARCH_USER_PATHS = NO;
				CLANG_ANALYZER_NONNULL = YES;
				CLANG_ANALYZER_NUMBER_OBJECT_CONVERSION = YES_AGGRESSIVE;
				CLANG_CXX_LANGUAGE_STANDARD = "gnu++14";
				CLANG_CXX_LIBRARY = "libc++";
				CLANG_ENABLE_MODULES = YES;
				CLANG_ENABLE_OBJC_ARC = YES;
				CLANG_ENABLE_OBJC_WEAK = YES;
				CLANG_WARN_BLOCK_CAPTURE_AUTORELEASING = YES;
				CLANG_WARN_BOOL_CONVERSION = YES;
				CLANG_WARN_COMMA = YES;
				CLANG_WARN_CONSTANT_CONVERSION = YES;
				CLANG_WARN_DEPRECATED_OBJC_IMPLEMENTATIONS = YES;
				CLANG_WARN_DIRECT_OBJC_ISA_USAGE = YES_ERROR;
				CLANG_WARN_DOCUMENTATION_COMMENTS = YES;
				CLANG_WARN_EMPTY_BODY = YES;
				CLANG_WARN_ENUM_CONVERSION = YES;
				CLANG_WARN_INFINITE_RECURSION = YES;
				CLANG_WARN_INT_CONVERSION = YES;
				CLANG_WARN_NON_LITERAL_NULL_CONVERSION = YES;
				CLANG_WARN_OBJC_IMPLICIT_RETAIN_SELF = YES;
				CLANG_WARN_OBJC_LITERAL_CONVERSION = YES;
				CLANG_WARN_OBJC_ROOT_CLASS = YES_ERROR;
				CLANG_WARN_RANGE_LOOP_ANALYSIS = YES;
				CLANG_WARN_STRICT_PROTOTYPES = YES;
				CLANG_WARN_SUSPICIOUS_MOVE = YES;
				CLANG_WARN_UNGUARDED_AVAILABILITY = YES_AGGRESSIVE;
				CLANG_WARN_UNREACHABLE_CODE = YES;
				CLANG_WARN__DUPLICATE_METHOD_MATCH = YES;
				CODE_SIGN_IDENTITY = "iPhone Developer";
				COPY_PHASE_STRIP = NO;
				DEBUG_INFORMATION_FORMAT = "dwarf-with-dsym";
				ENABLE_NS_ASSERTIONS = NO;
				ENABLE_STRICT_OBJC_MSGSEND = YES;
				GCC_C_LANGUAGE_STANDARD = gnu11;
				GCC_NO_COMMON_BLOCKS = YES;
				GCC_WARN_64_TO_32_BIT_CONVERSION = YES;
				GCC_WARN_ABOUT_RETURN_TYPE = YES_ERROR;
				GCC_WARN_UNDECLARED_SELECTOR = YES;
				GCC_WARN_UNINITIALIZED_AUTOS = YES_AGGRESSIVE;
				GCC_WARN_UNUSED_FUNCTION = YES;
				GCC_WARN_UNUSED_VARIABLE = YES;
				IPHONEOS_DEPLOYMENT_TARGET = 12.1;
				MTL_ENABLE_DEBUG_INFO = NO;
				MTL_FAST_MATH = YES;
				SDKROOT = iphoneos;
				SWIFT_COMPILATION_MODE = wholemodule;
				SWIFT_OPTIMIZATION_LEVEL = "-O";
				VALIDATE_PRODUCT = YES;
			};
			name = Release;
		};
		1FE56CC0228DA76500BF2624 /* Debug */ = {
			isa = XCBuildConfiguration;
			baseConfigurationReference = 35638B76B42E1BE6D5AE1D4A /* Pods-WeatherApp.debug.xcconfig */;
			buildSettings = {
				ASSETCATALOG_COMPILER_APPICON_NAME = AppIcon;
				CODE_SIGN_STYLE = Automatic;
				DEVELOPMENT_TEAM = 2P8ZYB4A97;
				INFOPLIST_FILE = WeatherApp/Info.plist;
				IPHONEOS_DEPLOYMENT_TARGET = 12.1;
				LD_RUNPATH_SEARCH_PATHS = (
					"$(inherited)",
					"@executable_path/Frameworks",
				);
				PRODUCT_BUNDLE_IDENTIFIER = alex.inc.WeatherApp;
				PRODUCT_NAME = "$(TARGET_NAME)";
				SWIFT_VERSION = 5.0;
				TARGETED_DEVICE_FAMILY = "1,2";
			};
			name = Debug;
		};
		1FE56CC1228DA76500BF2624 /* Release */ = {
			isa = XCBuildConfiguration;
			baseConfigurationReference = 017863550B38F7166BDEE63B /* Pods-WeatherApp.release.xcconfig */;
			buildSettings = {
				ASSETCATALOG_COMPILER_APPICON_NAME = AppIcon;
				CODE_SIGN_STYLE = Automatic;
				DEVELOPMENT_TEAM = 2P8ZYB4A97;
				INFOPLIST_FILE = WeatherApp/Info.plist;
				IPHONEOS_DEPLOYMENT_TARGET = 12.1;
				LD_RUNPATH_SEARCH_PATHS = (
					"$(inherited)",
					"@executable_path/Frameworks",
				);
				PRODUCT_BUNDLE_IDENTIFIER = alex.inc.WeatherApp;
				PRODUCT_NAME = "$(TARGET_NAME)";
				SWIFT_VERSION = 5.0;
				TARGETED_DEVICE_FAMILY = "1,2";
			};
			name = Release;
		};
/* End XCBuildConfiguration section */

/* Begin XCConfigurationList section */
		1FE56CA8228DA76300BF2624 /* Build configuration list for PBXProject "WeatherApp" */ = {
			isa = XCConfigurationList;
			buildConfigurations = (
				1FE56CBD228DA76500BF2624 /* Debug */,
				1FE56CBE228DA76500BF2624 /* Release */,
			);
			defaultConfigurationIsVisible = 0;
			defaultConfigurationName = Release;
		};
		1FE56CBF228DA76500BF2624 /* Build configuration list for PBXNativeTarget "WeatherApp" */ = {
			isa = XCConfigurationList;
			buildConfigurations = (
				1FE56CC0228DA76500BF2624 /* Debug */,
				1FE56CC1228DA76500BF2624 /* Release */,
			);
			defaultConfigurationIsVisible = 0;
			defaultConfigurationName = Release;
		};
/* End XCConfigurationList section */
	};
	rootObject = 1FE56CA5228DA76300BF2624 /* Project object */;
}
